// !$*UTF8*$!
{
	archiveVersion = 1;
	classes = {
	};
	objectVersion = 46;
	objects = {

/* Begin PBXBuildFile section */
		2A5334EE1ADC46A800187084 /* main.m in Sources */ = {isa = PBXBuildFile; fileRef = 2A5334ED1ADC46A800187084 /* main.m */; };
		2A5334F11ADC46A800187084 /* AppDelegate.m in Sources */ = {isa = PBXBuildFile; fileRef = 2A5334F01ADC46A800187084 /* AppDelegate.m */; };
		2A5334F41ADC46A800187084 /* ViewController.m in Sources */ = {isa = PBXBuildFile; fileRef = 2A5334F31ADC46A800187084 /* ViewController.m */; };
		2A5334F71ADC46A800187084 /* Main.storyboard in Resources */ = {isa = PBXBuildFile; fileRef = 2A5334F51ADC46A800187084 /* Main.storyboard */; };
		2A5334F91ADC46A800187084 /* Images.xcassets in Resources */ = {isa = PBXBuildFile; fileRef = 2A5334F81ADC46A800187084 /* Images.xcassets */; };
		2A5334FC1ADC46A800187084 /* LaunchScreen.xib in Resources */ = {isa = PBXBuildFile; fileRef = 2A5334FA1ADC46A800187084 /* LaunchScreen.xib */; };
		2A5335081ADC46A800187084 /* BMDay6AssignmentOneHideKeyboardTests.m in Sources */ = {isa = PBXBuildFile; fileRef = 2A5335071ADC46A800187084 /* BMDay6AssignmentOneHideKeyboardTests.m */; };
/* End PBXBuildFile section */

/* Begin PBXContainerItemProxy section */
		2A5335021ADC46A800187084 /* PBXContainerItemProxy */ = {
			isa = PBXContainerItemProxy;
			containerPortal = 2A5334E01ADC46A800187084 /* Project object */;
			proxyType = 1;
			remoteGlobalIDString = 2A5334E71ADC46A800187084;
			remoteInfo = BMDay6AssignmentOneHideKeyboard;
		};
/* End PBXContainerItemProxy section */

/* Begin PBXFileReference section */
		2A5334E81ADC46A800187084 /* BMDay6AssignmentOneHideKeyboard.app */ = {isa = PBXFileReference; explicitFileType = wrapper.application; includeInIndex = 0; path = BMDay6AssignmentOneHideKeyboard.app; sourceTree = BUILT_PRODUCTS_DIR; };
		2A5334EC1ADC46A800187084 /* Info.plist */ = {isa = PBXFileReference; lastKnownFileType = text.plist.xml; path = Info.plist; sourceTree = "<group>"; };
		2A5334ED1ADC46A800187084 /* main.m */ = {isa = PBXFileReference; lastKnownFileType = sourcecode.c.objc; path = main.m; sourceTree = "<group>"; };
		2A5334EF1ADC46A800187084 /* AppDelegate.h */ = {isa = PBXFileReference; lastKnownFileType = sourcecode.c.h; path = AppDelegate.h; sourceTree = "<group>"; };
		2A5334F01ADC46A800187084 /* AppDelegate.m */ = {isa = PBXFileReference; lastKnownFileType = sourcecode.c.objc; path = AppDelegate.m; sourceTree = "<group>"; };
		2A5334F21ADC46A800187084 /* ViewController.h */ = {isa = PBXFileReference; lastKnownFileType = sourcecode.c.h; path = ViewController.h; sourceTree = "<group>"; };
		2A5334F31ADC46A800187084 /* ViewController.m */ = {isa = PBXFileReference; lastKnownFileType = sourcecode.c.objc; path = ViewController.m; sourceTree = "<group>"; };
		2A5334F61ADC46A800187084 /* Base */ = {isa = PBXFileReference; lastKnownFileType = file.storyboard; name = Base; path = Base.lproj/Main.storyboard; sourceTree = "<group>"; };
		2A5334F81ADC46A800187084 /* Images.xcassets */ = {isa = PBXFileReference; lastKnownFileType = folder.assetcatalog; path = Images.xcassets; sourceTree = "<group>"; };
		2A5334FB1ADC46A800187084 /* Base */ = {isa = PBXFileReference; lastKnownFileType = file.xib; name = Base; path = Base.lproj/LaunchScreen.xib; sourceTree = "<group>"; };
		2A5335011ADC46A800187084 /* BMDay6AssignmentOneHideKeyboardTests.xctest */ = {isa = PBXFileReference; explicitFileType = wrapper.cfbundle; includeInIndex = 0; path = BMDay6AssignmentOneHideKeyboardTests.xctest; sourceTree = BUILT_PRODUCTS_DIR; };
		2A5335061ADC46A800187084 /* Info.plist */ = {isa = PBXFileReference; lastKnownFileType = text.plist.xml; path = Info.plist; sourceTree = "<group>"; };
		2A5335071ADC46A800187084 /* BMDay6AssignmentOneHideKeyboardTests.m */ = {isa = PBXFileReference; lastKnownFileType = sourcecode.c.objc; path = BMDay6AssignmentOneHideKeyboardTests.m; sourceTree = "<group>"; };
/* End PBXFileReference section */

/* Begin PBXFrameworksBuildPhase section */
		2A5334E51ADC46A800187084 /* Frameworks */ = {
			isa = PBXFrameworksBuildPhase;
			buildActionMask = 2147483647;
			files = (
			);
			runOnlyForDeploymentPostprocessing = 0;
		};
		2A5334FE1ADC46A800187084 /* Frameworks */ = {
			isa = PBXFrameworksBuildPhase;
			buildActionMask = 2147483647;
			files = (
			);
			runOnlyForDeploymentPostprocessing = 0;
		};
/* End PBXFrameworksBuildPhase section */

/* Begin PBXGroup section */
		2A5334DF1ADC46A800187084 = {
			isa = PBXGroup;
			children = (
				2A5334EA1ADC46A800187084 /* BMDay6AssignmentOneHideKeyboard */,
				2A5335041ADC46A800187084 /* BMDay6AssignmentOneHideKeyboardTests */,
				2A5334E91ADC46A800187084 /* Products */,
			);
			sourceTree = "<group>";
		};
		2A5334E91ADC46A800187084 /* Products */ = {
			isa = PBXGroup;
			children = (
				2A5334E81ADC46A800187084 /* BMDay6AssignmentOneHideKeyboard.app */,
				2A5335011ADC46A800187084 /* BMDay6AssignmentOneHideKeyboardTests.xctest */,
			);
			name = Products;
			sourceTree = "<group>";
		};
		2A5334EA1ADC46A800187084 /* BMDay6AssignmentOneHideKeyboard */ = {
			isa = PBXGroup;
			children = (
				2A5334EF1ADC46A800187084 /* AppDelegate.h */,
				2A5334F01ADC46A800187084 /* AppDelegate.m */,
				2A5334F21ADC46A800187084 /* ViewController.h */,
				2A5334F31ADC46A800187084 /* ViewController.m */,
				2A5334F51ADC46A800187084 /* Main.storyboard */,
				2A5334F81ADC46A800187084 /* Images.xcassets */,
				2A5334FA1ADC46A800187084 /* LaunchScreen.xib */,
				2A5334EB1ADC46A800187084 /* Supporting Files */,
			);
			path = BMDay6AssignmentOneHideKeyboard;
			sourceTree = "<group>";
		};
		2A5334EB1ADC46A800187084 /* Supporting Files */ = {
			isa = PBXGroup;
			children = (
				2A5334EC1ADC46A800187084 /* Info.plist */,
				2A5334ED1ADC46A800187084 /* main.m */,
			);
			name = "Supporting Files";
			sourceTree = "<group>";
		};
		2A5335041ADC46A800187084 /* BMDay6AssignmentOneHideKeyboardTests */ = {
			isa = PBXGroup;
			children = (
				2A5335071ADC46A800187084 /* BMDay6AssignmentOneHideKeyboardTests.m */,
				2A5335051ADC46A800187084 /* Supporting Files */,
			);
			path = BMDay6AssignmentOneHideKeyboardTests;
			sourceTree = "<group>";
		};
		2A5335051ADC46A800187084 /* Supporting Files */ = {
			isa = PBXGroup;
			children = (
				2A5335061ADC46A800187084 /* Info.plist */,
			);
			name = "Supporting Files";
			sourceTree = "<group>";
		};
/* End PBXGroup section */

/* Begin PBXNativeTarget section */
		2A5334E71ADC46A800187084 /* BMDay6AssignmentOneHideKeyboard */ = {
			isa = PBXNativeTarget;
			buildConfigurationList = 2A53350B1ADC46A800187084 /* Build configuration list for PBXNativeTarget "BMDay6AssignmentOneHideKeyboard" */;
			buildPhases = (
				2A5334E41ADC46A800187084 /* Sources */,
				2A5334E51ADC46A800187084 /* Frameworks */,
				2A5334E61ADC46A800187084 /* Resources */,
			);
			buildRules = (
			);
			dependencies = (
			);
			name = BMDay6AssignmentOneHideKeyboard;
			productName = BMDay6AssignmentOneHideKeyboard;
			productReference = 2A5334E81ADC46A800187084 /* BMDay6AssignmentOneHideKeyboard.app */;
			productType = "com.apple.product-type.application";
		};
		2A5335001ADC46A800187084 /* BMDay6AssignmentOneHideKeyboardTests */ = {
			isa = PBXNativeTarget;
			buildConfigurationList = 2A53350E1ADC46A800187084 /* Build configuration list for PBXNativeTarget "BMDay6AssignmentOneHideKeyboardTests" */;
			buildPhases = (
				2A5334FD1ADC46A800187084 /* Sources */,
				2A5334FE1ADC46A800187084 /* Frameworks */,
				2A5334FF1ADC46A800187084 /* Resources */,
			);
			buildRules = (
			);
			dependencies = (
				2A5335031ADC46A800187084 /* PBXTargetDependency */,
			);
			name = BMDay6AssignmentOneHideKeyboardTests;
			productName = BMDay6AssignmentOneHideKeyboardTests;
			productReference = 2A5335011ADC46A800187084 /* BMDay6AssignmentOneHideKeyboardTests.xctest */;
			productType = "com.apple.product-type.bundle.unit-test";
		};
/* End PBXNativeTarget section */

/* Begin PBXProject section */
		2A5334E01ADC46A800187084 /* Project object */ = {
			isa = PBXProject;
			attributes = {
				LastUpgradeCheck = 0630;
				ORGANIZATIONNAME = ProjectDGW;
				TargetAttributes = {
					2A5334E71ADC46A800187084 = {
						CreatedOnToolsVersion = 6.3;
					};
					2A5335001ADC46A800187084 = {
						CreatedOnToolsVersion = 6.3;
						TestTargetID = 2A5334E71ADC46A800187084;
					};
				};
			};
			buildConfigurationList = 2A5334E31ADC46A800187084 /* Build configuration list for PBXProject "BMDay6AssignmentOneHideKeyboard" */;
			compatibilityVersion = "Xcode 3.2";
			developmentRegion = English;
			hasScannedForEncodings = 0;
			knownRegions = (
				en,
				Base,
			);
			mainGroup = 2A5334DF1ADC46A800187084;
			productRefGroup = 2A5334E91ADC46A800187084 /* Products */;
			projectDirPath = "";
			projectRoot = "";
			targets = (
				2A5334E71ADC46A800187084 /* BMDay6AssignmentOneHideKeyboard */,
				2A5335001ADC46A800187084 /* BMDay6AssignmentOneHideKeyboardTests */,
			);
		};
/* End PBXProject section */

/* Begin PBXResourcesBuildPhase section */
		2A5334E61ADC46A800187084 /* Resources */ = {
			isa = PBXResourcesBuildPhase;
			buildActionMask = 2147483647;
			files = (
				2A5334F71ADC46A800187084 /* Main.storyboard in Resources */,
				2A5334FC1ADC46A800187084 /* LaunchScreen.xib in Resources */,
				2A5334F91ADC46A800187084 /* Images.xcassets in Resources */,
			);
			runOnlyForDeploymentPostprocessing = 0;
		};
		2A5334FF1ADC46A800187084 /* Resources */ = {
			isa = PBXResourcesBuildPhase;
			buildActionMask = 2147483647;
			files = (
			);
			runOnlyForDeploymentPostprocessing = 0;
		};
/* End PBXResourcesBuildPhase section */

/* Begin PBXSourcesBuildPhase section */
		2A5334E41ADC46A800187084 /* Sources */ = {
			isa = PBXSourcesBuildPhase;
			buildActionMask = 2147483647;
			files = (
				2A5334F41ADC46A800187084 /* ViewController.m in Sources */,
				2A5334F11ADC46A800187084 /* AppDelegate.m in Sources */,
				2A5334EE1ADC46A800187084 /* main.m in Sources */,
			);
			runOnlyForDeploymentPostprocessing = 0;
		};
		2A5334FD1ADC46A800187084 /* Sources */ = {
			isa = PBXSourcesBuildPhase;
			buildActionMask = 2147483647;
			files = (
				2A5335081ADC46A800187084 /* BMDay6AssignmentOneHideKeyboardTests.m in Sources */,
			);
			runOnlyForDeploymentPostprocessing = 0;
		};
/* End PBXSourcesBuildPhase section */

/* Begin PBXTargetDependency section */
		2A5335031ADC46A800187084 /* PBXTargetDependency */ = {
			isa = PBXTargetDependency;
			target = 2A5334E71ADC46A800187084 /* BMDay6AssignmentOneHideKeyboard */;
			targetProxy = 2A5335021ADC46A800187084 /* PBXContainerItemProxy */;
		};
/* End PBXTargetDependency section */

/* Begin PBXVariantGroup section */
		2A5334F51ADC46A800187084 /* Main.storyboard */ = {
			isa = PBXVariantGroup;
			children = (
				2A5334F61ADC46A800187084 /* Base */,
			);
			name = Main.storyboard;
			sourceTree = "<group>";
		};
		2A5334FA1ADC46A800187084 /* LaunchScreen.xib */ = {
			isa = PBXVariantGroup;
			children = (
				2A5334FB1ADC46A800187084 /* Base */,
			);
			name = LaunchScreen.xib;
			sourceTree = "<group>";
		};
/* End PBXVariantGroup section */

/* Begin XCBuildConfiguration section */
		2A5335091ADC46A800187084 /* Debug */ = {
			isa = XCBuildConfiguration;
			buildSettings = {
				ALWAYS_SEARCH_USER_PATHS = NO;
				CLANG_CXX_LANGUAGE_STANDARD = "gnu++0x";
				CLANG_CXX_LIBRARY = "libc++";
				CLANG_ENABLE_MODULES = YES;
				CLANG_ENABLE_OBJC_ARC = YES;
				CLANG_WARN_BOOL_CONVERSION = YES;
				CLANG_WARN_CONSTANT_CONVERSION = YES;
				CLANG_WARN_DIRECT_OBJC_ISA_USAGE = YES_ERROR;
				CLANG_WARN_EMPTY_BODY = YES;
				CLANG_WARN_ENUM_CONVERSION = YES;
				CLANG_WARN_INT_CONVERSION = YES;
				CLANG_WARN_OBJC_ROOT_CLASS = YES_ERROR;
				CLANG_WARN_UNREACHABLE_CODE = YES;
				CLANG_WARN__DUPLICATE_METHOD_MATCH = YES;
				"CODE_SIGN_IDENTITY[sdk=iphoneos*]" = "iPhone Developer";
				COPY_PHASE_STRIP = NO;
				DEBUG_INFORMATION_FORMAT = "dwarf-with-dsym";
				ENABLE_STRICT_OBJC_MSGSEND = YES;
				GCC_C_LANGUAGE_STANDARD = gnu99;
				GCC_DYNAMIC_NO_PIC = NO;
				GCC_NO_COMMON_BLOCKS = YES;
				GCC_OPTIMIZATION_LEVEL = 0;
				GCC_PREPROCESSOR_DEFINITIONS = (
					"DEBUG=1",
					"$(inherited)",
				);
				GCC_SYMBOLS_PRIVATE_EXTERN = NO;
				GCC_WARN_64_TO_32_BIT_CONVERSION = YES;
				GCC_WARN_ABOUT_RETURN_TYPE = YES_ERROR;
				GCC_WARN_UNDECLARED_SELECTOR = YES;
				GCC_WARN_UNINITIALIZED_AUTOS = YES_AGGRESSIVE;
				GCC_WARN_UNUSED_FUNCTION = YES;
				GCC_WARN_UNUSED_VARIABLE = YES;
				IPHONEOS_DEPLOYMENT_TARGET = 8.3;
				MTL_ENABLE_DEBUG_INFO = YES;
				ONLY_ACTIVE_ARCH = YES;
				SDKROOT = iphoneos;
			};
			name = Debug;
		};
		2A53350A1ADC46A800187084 /* Release */ = {
			isa = XCBuildConfiguration;
			buildSettings = {
				ALWAYS_SEARCH_USER_PATHS = NO;
				CLANG_CXX_LANGUAGE_STANDARD = "gnu++0x";
				CLANG_CXX_LIBRARY = "libc++";
				CLANG_ENABLE_MODULES = YES;
				CLANG_ENABLE_OBJC_ARC = YES;
				CLANG_WARN_BOOL_CONVERSION = YES;
				CLANG_WARN_CONSTANT_CONVERSION = YES;
				CLANG_WARN_DIRECT_OBJC_ISA_USAGE = YES_ERROR;
				CLANG_WARN_EMPTY_BODY = YES;
				CLANG_WARN_ENUM_CONVERSION = YES;
				CLANG_WARN_INT_CONVERSION = YES;
				CLANG_WARN_OBJC_ROOT_CLASS = YES_ERROR;
				CLANG_WARN_UNREACHABLE_CODE = YES;
				CLANG_WARN__DUPLICATE_METHOD_MATCH = YES;
				"CODE_SIGN_IDENTITY[sdk=iphoneos*]" = "iPhone Developer";
				COPY_PHASE_STRIP = NO;
				DEBUG_INFORMATION_FORMAT = "dwarf-with-dsym";
				ENABLE_NS_ASSERTIONS = NO;
				ENABLE_STRICT_OBJC_MSGSEND = YES;
				GCC_C_LANGUAGE_STANDARD = gnu99;
				GCC_NO_COMMON_BLOCKS = YES;
				GCC_WARN_64_TO_32_BIT_CONVERSION = YES;
				GCC_WARN_ABOUT_RETURN_TYPE = YES_ERROR;
				GCC_WARN_UNDECLARED_SELECTOR = YES;
				GCC_WARN_UNINITIALIZED_AUTOS = YES_AGGRESSIVE;
				GCC_WARN_UNUSED_FUNCTION = YES;
				GCC_WARN_UNUSED_VARIABLE = YES;
				IPHONEOS_DEPLOYMENT_TARGET = 8.3;
				MTL_ENABLE_DEBUG_INFO = NO;
				SDKROOT = iphoneos;
				VALIDATE_PRODUCT = YES;
			};
			name = Release;
		};
		2A53350C1ADC46A800187084 /* Debug */ = {
			isa = XCBuildConfiguration;
			buildSettings = {
				ASSETCATALOG_COMPILER_APPICON_NAME = AppIcon;
				INFOPLIST_FILE = BMDay6AssignmentOneHideKeyboard/Info.plist;
				LD_RUNPATH_SEARCH_PATHS = "$(inherited) @executable_path/Frameworks";
				PRODUCT_NAME = "$(TARGET_NAME)";
			};
			name = Debug;
		};
		2A53350D1ADC46A800187084 /* Release */ = {
			isa = XCBuildConfiguration;
			buildSettings = {
				ASSETCATALOG_COMPILER_APPICON_NAME = AppIcon;
				INFOPLIST_FILE = BMDay6AssignmentOneHideKeyboard/Info.plist;
				LD_RUNPATH_SEARCH_PATHS = "$(inherited) @executable_path/Frameworks";
				PRODUCT_NAME = "$(TARGET_NAME)";
			};
			name = Release;
		};
		2A53350F1ADC46A800187084 /* Debug */ = {
			isa = XCBuildConfiguration;
			buildSettings = {
				BUNDLE_LOADER = "$(TEST_HOST)";
				FRAMEWORK_SEARCH_PATHS = (
					"$(SDKROOT)/Developer/Library/Frameworks",
					"$(inherited)",
				);
				GCC_PREPROCESSOR_DEFINITIONS = (
					"DEBUG=1",
					"$(inherited)",
				);
				INFOPLIST_FILE = BMDay6AssignmentOneHideKeyboardTests/Info.plist;
				LD_RUNPATH_SEARCH_PATHS = "$(inherited) @executable_path/Frameworks @loader_path/Frameworks";
				PRODUCT_NAME = "$(TARGET_NAME)";
				TEST_HOST = "$(BUILT_PRODUCTS_DIR)/BMDay6AssignmentOneHideKeyboard.app/BMDay6AssignmentOneHideKeyboard";
			};
			name = Debug;
		};
		2A5335101ADC46A800187084 /* Release */ = {
			isa = XCBuildConfiguration;
			buildSettings = {
				BUNDLE_LOADER = "$(TEST_HOST)";
				FRAMEWORK_SEARCH_PATHS = (
					"$(SDKROOT)/Developer/Library/Frameworks",
					"$(inherited)",
				);
				INFOPLIST_FILE = BMDay6AssignmentOneHideKeyboardTests/Info.plist;
				LD_RUNPATH_SEARCH_PATHS = "$(inherited) @executable_path/Frameworks @loader_path/Frameworks";
				PRODUCT_NAME = "$(TARGET_NAME)";
				TEST_HOST = "$(BUILT_PRODUCTS_DIR)/BMDay6AssignmentOneHideKeyboard.app/BMDay6AssignmentOneHideKeyboard";
			};
			name = Release;
		};
/* End XCBuildConfiguration section */

/* Begin XCConfigurationList section */
		2A5334E31ADC46A800187084 /* Build configuration list for PBXProject "BMDay6AssignmentOneHideKeyboard" */ = {
			isa = XCConfigurationList;
			buildConfigurations = (
				2A5335091ADC46A800187084 /* Debug */,
				2A53350A1ADC46A800187084 /* Release */,
			);
			defaultConfigurationIsVisible = 0;
			defaultConfigurationName = Release;
		};
		2A53350B1ADC46A800187084 /* Build configuration list for PBXNativeTarget "BMDay6AssignmentOneHideKeyboard" */ = {
			isa = XCConfigurationList;
			buildConfigurations = (
				2A53350C1ADC46A800187084 /* Debug */,
				2A53350D1ADC46A800187084 /* Release */,
			);
			defaultConfigurationIsVisible = 0;
		};
		2A53350E1ADC46A800187084 /* Build configuration list for PBXNativeTarget "BMDay6AssignmentOneHideKeyboardTests" */ = {
			isa = XCConfigurationList;
			buildConfigurations = (
				2A53350F1ADC46A800187084 /* Debug */,
				2A5335101ADC46A800187084 /* Release */,
			);
			defaultConfigurationIsVisible = 0;
		};
/* End XCConfigurationList section */
	};
	rootObject = 2A5334E01ADC46A800187084 /* Project object */;
}
